// !$*UTF8*$!
{
	archiveVersion = 1;
	classes = {
	};
	objectVersion = 46;
	objects = {

/* Begin PBXBuildFile section */
		1D17B23E1E5703AC00F23918 /* AppDelegate.swift in Sources */ = {isa = PBXBuildFile; fileRef = 1D17B23D1E5703AC00F23918 /* AppDelegate.swift */; };
		1D17B2401E5703AC00F23918 /* ViewController.swift in Sources */ = {isa = PBXBuildFile; fileRef = 1D17B23F1E5703AC00F23918 /* ViewController.swift */; };
		1D17B2431E5703AC00F23918 /* Main.storyboard in Resources */ = {isa = PBXBuildFile; fileRef = 1D17B2411E5703AC00F23918 /* Main.storyboard */; };
		1D17B2461E5703AC00F23918 /* ChattingApplication.xcdatamodeld in Sources */ = {isa = PBXBuildFile; fileRef = 1D17B2441E5703AC00F23918 /* ChattingApplication.xcdatamodeld */; };
		1D17B2481E5703AC00F23918 /* Assets.xcassets in Resources */ = {isa = PBXBuildFile; fileRef = 1D17B2471E5703AC00F23918 /* Assets.xcassets */; };
		1D17B24B1E5703AC00F23918 /* LaunchScreen.storyboard in Resources */ = {isa = PBXBuildFile; fileRef = 1D17B2491E5703AC00F23918 /* LaunchScreen.storyboard */; };
/* End PBXBuildFile section */

/* Begin PBXFileReference section */
		1D17B23A1E5703AC00F23918 /* ChattingApplication.app */ = {isa = PBXFileReference; explicitFileType = wrapper.application; includeInIndex = 0; path = ChattingApplication.app; sourceTree = BUILT_PRODUCTS_DIR; };
		1D17B23D1E5703AC00F23918 /* AppDelegate.swift */ = {isa = PBXFileReference; lastKnownFileType = sourcecode.swift; path = AppDelegate.swift; sourceTree = "<group>"; };
		1D17B23F1E5703AC00F23918 /* ViewController.swift */ = {isa = PBXFileReference; lastKnownFileType = sourcecode.swift; path = ViewController.swift; sourceTree = "<group>"; };
		1D17B2421E5703AC00F23918 /* Base */ = {isa = PBXFileReference; lastKnownFileType = file.storyboard; name = Base; path = Base.lproj/Main.storyboard; sourceTree = "<group>"; };
		1D17B2451E5703AC00F23918 /* ChattingApplication.xcdatamodel */ = {isa = PBXFileReference; lastKnownFileType = wrapper.xcdatamodel; path = ChattingApplication.xcdatamodel; sourceTree = "<group>"; };
		1D17B2471E5703AC00F23918 /* Assets.xcassets */ = {isa = PBXFileReference; lastKnownFileType = folder.assetcatalog; path = Assets.xcassets; sourceTree = "<group>"; };
		1D17B24A1E5703AC00F23918 /* Base */ = {isa = PBXFileReference; lastKnownFileType = file.storyboard; name = Base; path = Base.lproj/LaunchScreen.storyboard; sourceTree = "<group>"; };
		1D17B24C1E5703AC00F23918 /* Info.plist */ = {isa = PBXFileReference; lastKnownFileType = text.plist.xml; path = Info.plist; sourceTree = "<group>"; };
/* End PBXFileReference section */

/* Begin PBXFrameworksBuildPhase section */
		1D17B2371E5703AC00F23918 /* Frameworks */ = {
			isa = PBXFrameworksBuildPhase;
			buildActionMask = 2147483647;
			files = (
			);
			runOnlyForDeploymentPostprocessing = 0;
		};
/* End PBXFrameworksBuildPhase section */

/* Begin PBXGroup section */
		1D17B2311E5703AC00F23918 = {
			isa = PBXGroup;
			children = (
				1D17B23C1E5703AC00F23918 /* ChattingApplication */,
				1D17B23B1E5703AC00F23918 /* Products */,
			);
			sourceTree = "<group>";
		};
		1D17B23B1E5703AC00F23918 /* Products */ = {
			isa = PBXGroup;
			children = (
				1D17B23A1E5703AC00F23918 /* ChattingApplication.app */,
			);
			name = Products;
			sourceTree = "<group>";
		};
		1D17B23C1E5703AC00F23918 /* ChattingApplication */ = {
			isa = PBXGroup;
			children = (
				1D17B23D1E5703AC00F23918 /* AppDelegate.swift */,
				1D17B23F1E5703AC00F23918 /* ViewController.swift */,
				1D17B2411E5703AC00F23918 /* Main.storyboard */,
				1D17B2471E5703AC00F23918 /* Assets.xcassets */,
				1D17B2491E5703AC00F23918 /* LaunchScreen.storyboard */,
				1D17B24C1E5703AC00F23918 /* Info.plist */,
				1D17B2441E5703AC00F23918 /* ChattingApplication.xcdatamodeld */,
			);
			path = ChattingApplication;
			sourceTree = "<group>";
		};
/* End PBXGroup section */

/* Begin PBXNativeTarget section */
		1D17B2391E5703AC00F23918 /* ChattingApplication */ = {
			isa = PBXNativeTarget;
			buildConfigurationList = 1D17B24F1E5703AC00F23918 /* Build configuration list for PBXNativeTarget "ChattingApplication" */;
			buildPhases = (
				1D17B2361E5703AC00F23918 /* Sources */,
				1D17B2371E5703AC00F23918 /* Frameworks */,
				1D17B2381E5703AC00F23918 /* Resources */,
			);
			buildRules = (
			);
			dependencies = (
			);
			name = ChattingApplication;
			productName = ChattingApplication;
			productReference = 1D17B23A1E5703AC00F23918 /* ChattingApplication.app */;
			productType = "com.apple.product-type.application";
		};
/* End PBXNativeTarget section */

/* Begin PBXProject section */
		1D17B2321E5703AC00F23918 /* Project object */ = {
			isa = PBXProject;
			attributes = {
				LastSwiftUpdateCheck = 0820;
				LastUpgradeCheck = 0820;
				ORGANIZATIONNAME = "Sierra 4";
				TargetAttributes = {
					1D17B2391E5703AC00F23918 = {
						CreatedOnToolsVersion = 8.2.1;
						ProvisioningStyle = Automatic;
					};
				};
			};
			buildConfigurationList = 1D17B2351E5703AC00F23918 /* Build configuration list for PBXProject "ChattingApplication" */;
			compatibilityVersion = "Xcode 3.2";
			developmentRegion = English;
			hasScannedForEncodings = 0;
			knownRegions = (
				en,
				Base,
			);
			mainGroup = 1D17B2311E5703AC00F23918;
			productRefGroup = 1D17B23B1E5703AC00F23918 /* Products */;
			projectDirPath = "";
			projectRoot = "";
			targets = (
				1D17B2391E5703AC00F23918 /* ChattingApplication */,
			);
		};
/* End PBXProject section */

/* Begin PBXResourcesBuildPhase section */
		1D17B2381E5703AC00F23918 /* Resources */ = {
			isa = PBXResourcesBuildPhase;
			buildActionMask = 2147483647;
			files = (
				1D17B24B1E5703AC00F23918 /* LaunchScreen.storyboard in Resources */,
				1D17B2481E5703AC00F23918 /* Assets.xcassets in Resources */,
				1D17B2431E5703AC00F23918 /* Main.storyboard in Resources */,
			);
			runOnlyForDeploymentPostprocessing = 0;
		};
/* End PBXResourcesBuildPhase section */

/* Begin PBXSourcesBuildPhase section */
		1D17B2361E5703AC00F23918 /* Sources */ = {
			isa = PBXSourcesBuildPhase;
			buildActionMask = 2147483647;
			files = (
				1D17B2401E5703AC00F23918 /* ViewController.swift in Sources */,
				1D17B23E1E5703AC00F23918 /* AppDelegate.swift in Sources */,
				1D17B2461E5703AC00F23918 /* ChattingApplication.xcdatamodeld in Sources */,
			);
			runOnlyForDeploymentPostprocessing = 0;
		};
/* End PBXSourcesBuildPhase section */

/* Begin PBXVariantGroup section */
		1D17B2411E5703AC00F23918 /* Main.storyboard */ = {
			isa = PBXVariantGroup;
			children = (
				1D17B2421E5703AC00F23918 /* Base */,
			);
			name = Main.storyboard;
			sourceTree = "<group>";
		};
		1D17B2491E5703AC00F23918 /* LaunchScreen.storyboard */ = {
			isa = PBXVariantGroup;
			children = (
				1D17B24A1E5703AC00F23918 /* Base */,
			);
			name = LaunchScreen.storyboard;
			sourceTree = "<group>";
		};
/* End PBXVariantGroup section */

/* Begin XCBuildConfiguration section */
		1D17B24D1E5703AC00F23918 /* Debug */ = {
			isa = XCBuildConfiguration;
			buildSettings = {
				ALWAYS_SEARCH_USER_PATHS = NO;
				CLANG_ANALYZER_NONNULL = YES;
				CLANG_CXX_LANGUAGE_STANDARD = "gnu++0x";
				CLANG_CXX_LIBRARY = "libc++";
				CLANG_ENABLE_MODULES = YES;
				CLANG_ENABLE_OBJC_ARC = YES;
				CLANG_WARN_BOOL_CONVERSION = YES;
				CLANG_WARN_CONSTANT_CONVERSION = YES;
				CLANG_WARN_DIRECT_OBJC_ISA_USAGE = YES_ERROR;
				CLANG_WARN_DOCUMENTATION_COMMENTS = YES;
				CLANG_WARN_EMPTY_BODY = YES;
				CLANG_WARN_ENUM_CONVERSION = YES;
				CLANG_WARN_INFINITE_RECURSION = YES;
				CLANG_WARN_INT_CONVERSION = YES;
				CLANG_WARN_OBJC_ROOT_CLASS = YES_ERROR;
				CLANG_WARN_SUSPICIOUS_MOVE = YES;
				CLANG_WARN_UNREACHABLE_CODE = YES;
				CLANG_WARN__DUPLICATE_METHOD_MATCH = YES;
				"CODE_SIGN_IDENTITY[sdk=iphoneos*]" = "iPhone Developer";
				COPY_PHASE_STRIP = NO;
				DEBUG_INFORMATION_FORMAT = dwarf;
				ENABLE_STRICT_OBJC_MSGSEND = YES;
				ENABLE_TESTABILITY = YES;
				GCC_C_LANGUAGE_STANDARD = gnu99;
				GCC_DYNAMIC_NO_PIC = NO;
				GCC_NO_COMMON_BLOCKS = YES;
				GCC_OPTIMIZATION_LEVEL = 0;
				GCC_PREPROCESSOR_DEFINITIONS = (
					"DEBUG=1",
					"$(inherited)",
				);
				GCC_WARN_64_TO_32_BIT_CONVERSION = YES;
				GCC_WARN_ABOUT_RETURN_TYPE = YES_ERROR;
				GCC_WARN_UNDECLARED_SELECTOR = YES;
				GCC_WARN_UNINITIALIZED_AUTOS = YES_AGGRESSIVE;
				GCC_WARN_UNUSED_FUNCTION = YES;
				GCC_WARN_UNUSED_VARIABLE = YES;
				IPHONEOS_DEPLOYMENT_TARGET = 10.2;
				MTL_ENABLE_DEBUG_INFO = YES;
				ONLY_ACTIVE_ARCH = YES;
				SDKROOT = iphoneos;
				SWIFT_ACTIVE_COMPILATION_CONDITIONS = DEBUG;
				SWIFT_OPTIMIZATION_LEVEL = "-Onone";
				TARGETED_DEVICE_FAMILY = "1,2";
			};
			name = Debug;
		};
		1D17B24E1E5703AC00F23918 /* Release */ = {
			isa = XCBuildConfiguration;
			buildSettings = {
				ALWAYS_SEARCH_USER_PATHS = NO;
				CLANG_ANALYZER_NONNULL = YES;
				CLANG_CXX_LANGUAGE_STANDARD = "gnu++0x";
				CLANG_CXX_LIBRARY = "libc++";
				CLANG_ENABLE_MODULES = YES;
				CLANG_ENABLE_OBJC_ARC = YES;
				CLANG_WARN_BOOL_CONVERSION = YES;
				CLANG_WARN_CONSTANT_CONVERSION = YES;
				CLANG_WARN_DIRECT_OBJC_ISA_USAGE = YES_ERROR;
				CLANG_WARN_DOCUMENTATION_COMMENTS = YES;
				CLANG_WARN_EMPTY_BODY = YES;
				CLANG_WARN_ENUM_CONVERSION = YES;
				CLANG_WARN_INFINITE_RECURSION = YES;
				CLANG_WARN_INT_CONVERSION = YES;
				CLANG_WARN_OBJC_ROOT_CLASS = YES_ERROR;
				CLANG_WARN_SUSPICIOUS_MOVE = YES;
				CLANG_WARN_UNREACHABLE_CODE = YES;
				CLANG_WARN__DUPLICATE_METHOD_MATCH = YES;
				"CODE_SIGN_IDENTITY[sdk=iphoneos*]" = "iPhone Developer";
				COPY_PHASE_STRIP = NO;
				DEBUG_INFORMATION_FORMAT = "dwarf-with-dsym";
				ENABLE_NS_ASSERTIONS = NO;
				ENABLE_STRICT_OBJC_MSGSEND = YES;
				GCC_C_LANGUAGE_STANDARD = gnu99;
				GCC_NO_COMMON_BLOCKS = YES;
				GCC_WARN_64_TO_32_BIT_CONVERSION = YES;
				GCC_WARN_ABOUT_RETURN_TYPE = YES_ERROR;
				GCC_WARN_UNDECLARED_SELECTOR = YES;
				GCC_WARN_UNINITIALIZED_AUTOS = YES_AGGRESSIVE;
				GCC_WARN_UNUSED_FUNCTION = YES;
				GCC_WARN_UNUSED_VARIABLE = YES;
				IPHONEOS_DEPLOYMENT_TARGET = 10.2;
				MTL_ENABLE_DEBUG_INFO = NO;
				SDKROOT = iphoneos;
				SWIFT_OPTIMIZATION_LEVEL = "-Owholemodule";
				TARGETED_DEVICE_FAMILY = "1,2";
				VALIDATE_PRODUCT = YES;
			};
			name = Release;
		};
		1D17B2501E5703AC00F23918 /* Debug */ = {
			isa = XCBuildConfiguration;
			buildSettings = {
				ASSETCATALOG_COMPILER_APPICON_NAME = AppIcon;
				INFOPLIST_FILE = ChattingApplication/Info.plist;
				LD_RUNPATH_SEARCH_PATHS = "$(inherited) @executable_path/Frameworks";
				PRODUCT_BUNDLE_IDENTIFIER = com.codebrew.ChattingApplication;
				PRODUCT_NAME = "$(TARGET_NAME)";
				SWIFT_VERSION = 3.0;
			};
			name = Debug;
		};
		1D17B2511E5703AC00F23918 /* Release */ = {
			isa = XCBuildConfiguration;
			buildSettings = {
				ASSETCATALOG_COMPILER_APPICON_NAME = AppIcon;
				INFOPLIST_FILE = ChattingApplication/Info.plist;
				LD_RUNPATH_SEARCH_PATHS = "$(inherited) @executable_path/Frameworks";
				PRODUCT_BUNDLE_IDENTIFIER = com.codebrew.ChattingApplication;
				PRODUCT_NAME = "$(TARGET_NAME)";
				SWIFT_VERSION = 3.0;
			};
			name = Release;
		};
/* End XCBuildConfiguration section */

/* Begin XCConfigurationList section */
		1D17B2351E5703AC00F23918 /* Build configuration list for PBXProject "ChattingApplication" */ = {
			isa = XCConfigurationList;
			buildConfigurations = (
				1D17B24D1E5703AC00F23918 /* Debug */,
				1D17B24E1E5703AC00F23918 /* Release */,
			);
			defaultConfigurationIsVisible = 0;
			defaultConfigurationName = Release;
		};
		1D17B24F1E5703AC00F23918 /* Build configuration list for PBXNativeTarget "ChattingApplication" */ = {
			isa = XCConfigurationList;
			buildConfigurations = (
				1D17B2501E5703AC00F23918 /* Debug */,
				1D17B2511E5703AC00F23918 /* Release */,
			);
			defaultConfigurationIsVisible = 0;
		};
/* End XCConfigurationList section */

/* Begin XCVersionGroup section */
		1D17B2441E5703AC00F23918 /* ChattingApplication.xcdatamodeld */ = {
			isa = XCVersionGroup;
			children = (
				1D17B2451E5703AC00F23918 /* ChattingApplication.xcdatamodel */,
			);
			currentVersion = 1D17B2451E5703AC00F23918 /* ChattingApplication.xcdatamodel */;
			path = ChattingApplication.xcdatamodeld;
			sourceTree = "<group>";
			versionGroupType = wrapper.xcdatamodel;
		};
/* End XCVersionGroup section */
	};
	rootObject = 1D17B2321E5703AC00F23918 /* Project object */;
}
